<?xml version="1.0" encoding="utf-8"?>
<Project ToolsVersion="4.0" xmlns="http://schemas.microsoft.com/developer/msbuild/2003">
  <ItemGroup>
    <CudaCompile Include="src\Fractal\Mandelbrot\kernel.cu" />
  </ItemGroup>
  <ItemGroup>
    <ClInclude Include="src\Fractal\Mandelbrot\Cuda.h" />
    <ClInclude Include="src\Program\Image.h" />
    <ClInclude Include="src\Program\Main.h" />
    <ClInclude Include="src\Program\Program.h" />
    <ClInclude Include="src\Fractal\Mandelbrot\Mandelbrot.h" />
    <ClInclude Include="src\Program\InputControl.h" />
    <ClInclude Include="src\Program\Properties.h" />
    <ClInclude Include="src\Program\Render.h" />
  </ItemGroup>
  <ItemGroup>
    <ClCompile Include="src\Program\Image.cpp" />
    <ClCompile Include="src\Program\Main.cpp" />
    <ClCompile Include="src\Program\Program.cpp" />
    <ClCompile Include="src\Fractal\Mandelbrot\Mandelbrot.cpp" />
    <ClCompile Include="src\Program\InputControl.cpp" />
    <ClCompile Include="src\Program\Properties.cpp" />
    <ClCompile Include="src\Program\Render.cpp" />
  </ItemGroup>
  <ItemGroup>
    <None Include="properties.json" />
    <None Include="palette.json" />
  </ItemGroup>
</Project>